
Microsoft Visual Studio Solution File, Format Version 12.00
# Visual Studio Version 17
VisualStudioVersion = 17.13.35919.96 d17.13
MinimumVisualStudioVersion = 10.0.40219.1
Project("{FAE04EC0-301F-11D3-BF4B-00C04F79EFBC}") = "Artefact", "Artefact\Artefact.csproj", "{001176AB-9268-462C-9D2E-3512276C0721}"
EndProject
Global
	GlobalSection(SolutionConfigurationPlatforms) = preSolution
		Debug|Any CPU = Debug|Any CPU
		Release|Any CPU = Release|Any CPU
	EndGlobalSection
	GlobalSection(ProjectConfigurationPlatforms) = postSolution
		{001176AB-9268-462C-9D2E-3512276C0721}.Debug|Any CPU.ActiveCfg = Debug|Any CPU
		{001176AB-9268-462C-9D2E-3512276C0721}.Debug|Any CPU.Build.0 = Debug|Any CPU
		{001176AB-9268-462C-9D2E-3512276C0721}.Release|Any CPU.ActiveCfg = Release|Any CPU
		{001176AB-9268-462C-9D2E-3512276C0721}.Release|Any CPU.Build.0 = Release|Any CPU
	EndGlobalSection
	GlobalSection(SolutionProperties) = preSolution
		HideSolutionNode = FALSE
	EndGlobalSection
	GlobalSection(ExtensibilityGlobals) = postSolution
		SolutionGuid = {B85601D1-81AC-4115-AF05-8126345CEDC0}
	EndGlobalSection
EndGlobal
